
Microsoft Visual Studio Solution File, Format Version 12.00
# Visual Studio Version 17
VisualStudioVersion = 17.5.33516.290
MinimumVisualStudioVersion = 10.0.40219.1
Project("{9A19103F-16F7-4668-BE54-9A1E7A4F7556}") = "FunctionalElements", "FunctionalElements\FunctionalElements.csproj", "{810858B9-F6CD-494C-BD64-92B27CCC3FBE}"
EndProject
Project("{9A19103F-16F7-4668-BE54-9A1E7A4F7556}") = "Consumer", "Consumer\Consumer.csproj", "{AB6DD3C6-B439-4B3F-9632-98A6556F8E18}"
EndProject
Project("{9A19103F-16F7-4668-BE54-9A1E7A4F7556}") = "ApiClient", "ApiClient\ApiClient.csproj", "{80956B79-4A19-49F5-ABAD-EFDA0F6B5AE4}"
EndProject
Project("{9A19103F-16F7-4668-BE54-9A1E7A4F7556}") = "ApiClient.Tests", "ApiClient.Tests\ApiClient.Tests.csproj", "{00B5143F-AE6B-492D-A98C-716B33E6CEE9}"
EndProject
Global
	GlobalSection(SolutionConfigurationPlatforms) = preSolution
		Debug|Any CPU = Debug|Any CPU
		Release|Any CPU = Release|Any CPU
	EndGlobalSection
	GlobalSection(ProjectConfigurationPlatforms) = postSolution
		{810858B9-F6CD-494C-BD64-92B27CCC3FBE}.Debug|Any CPU.ActiveCfg = Debug|Any CPU
		{810858B9-F6CD-494C-BD64-92B27CCC3FBE}.Debug|Any CPU.Build.0 = Debug|Any CPU
		{810858B9-F6CD-494C-BD64-92B27CCC3FBE}.Release|Any CPU.ActiveCfg = Release|Any CPU
		{810858B9-F6CD-494C-BD64-92B27CCC3FBE}.Release|Any CPU.Build.0 = Release|Any CPU
		{AB6DD3C6-B439-4B3F-9632-98A6556F8E18}.Debug|Any CPU.ActiveCfg = Debug|Any CPU
		{AB6DD3C6-B439-4B3F-9632-98A6556F8E18}.Debug|Any CPU.Build.0 = Debug|Any CPU
		{AB6DD3C6-B439-4B3F-9632-98A6556F8E18}.Release|Any CPU.ActiveCfg = Release|Any CPU
		{AB6DD3C6-B439-4B3F-9632-98A6556F8E18}.Release|Any CPU.Build.0 = Release|Any CPU
		{80956B79-4A19-49F5-ABAD-EFDA0F6B5AE4}.Debug|Any CPU.ActiveCfg = Debug|Any CPU
		{80956B79-4A19-49F5-ABAD-EFDA0F6B5AE4}.Debug|Any CPU.Build.0 = Debug|Any CPU
		{80956B79-4A19-49F5-ABAD-EFDA0F6B5AE4}.Release|Any CPU.ActiveCfg = Release|Any CPU
		{80956B79-4A19-49F5-ABAD-EFDA0F6B5AE4}.Release|Any CPU.Build.0 = Release|Any CPU
		{00B5143F-AE6B-492D-A98C-716B33E6CEE9}.Debug|Any CPU.ActiveCfg = Debug|Any CPU
		{00B5143F-AE6B-492D-A98C-716B33E6CEE9}.Debug|Any CPU.Build.0 = Debug|Any CPU
		{00B5143F-AE6B-492D-A98C-716B33E6CEE9}.Release|Any CPU.ActiveCfg = Release|Any CPU
		{00B5143F-AE6B-492D-A98C-716B33E6CEE9}.Release|Any CPU.Build.0 = Release|Any CPU
	EndGlobalSection
	GlobalSection(SolutionProperties) = preSolution
		HideSolutionNode = FALSE
	EndGlobalSection
	GlobalSection(ExtensibilityGlobals) = postSolution
		SolutionGuid = {CF10B74F-BCEF-4EC4-BC5D-DCA28407C7D7}
	EndGlobalSection
EndGlobal
